
Microsoft Visual Studio Solution File, Format Version 12.00
# Visual Studio Version 17
VisualStudioVersion = 17.8.34525.116
MinimumVisualStudioVersion = 10.0.40219.1
Project("{FAE04EC0-301F-11D3-BF4B-00C04F79EFBC}") = "Sample-Dapper", "Sample-Dapper\Sample-Dapper.csproj", "{9A26846E-3413-489C-8AA8-D57B126FC10E}"
EndProject
Global
	GlobalSection(SolutionConfigurationPlatforms) = preSolution
		Debug|Any CPU = Debug|Any CPU
		Release|Any CPU = Release|Any CPU
	EndGlobalSection
	GlobalSection(ProjectConfigurationPlatforms) = postSolution
		{9A26846E-3413-489C-8AA8-D57B126FC10E}.Debug|Any CPU.ActiveCfg = Debug|Any CPU
		{9A26846E-3413-489C-8AA8-D57B126FC10E}.Debug|Any CPU.Build.0 = Debug|Any CPU
		{9A26846E-3413-489C-8AA8-D57B126FC10E}.Release|Any CPU.ActiveCfg = Release|Any CPU
		{9A26846E-3413-489C-8AA8-D57B126FC10E}.Release|Any CPU.Build.0 = Release|Any CPU
	EndGlobalSection
	GlobalSection(SolutionProperties) = preSolution
		HideSolutionNode = FALSE
	EndGlobalSection
	GlobalSection(ExtensibilityGlobals) = postSolution
		SolutionGuid = {D2BD7307-3341-4651-973D-0E17FBFB64BA}
	EndGlobalSection
EndGlobal
